version = 1
revision = 3
requires-python = ">=3.13"

[[package]]
name = "aiohappyeyeballs"
version = "2.6.1"
source = { registry = "https://pypi.org/simple" }
sdist = { url = "https://files.pythonhosted.org/packages/26/30/f84a107a9c4331c14b2b586036f40965c128aa4fee4dda5d3d51cb14ad54/aiohappyeyeballs-2.6.1.tar.gz", hash = "sha256:c3f9d0113123803ccadfdf3f0faa505bc78e6a72d1cc4806cbd719826e943558", size = 22760, upload-time = "2025-03-12T01:42:48.764Z" }
wheels = [
    { url = "https://files.pythonhosted.org/packages/0f/15/5bf3b99495fb160b63f95972b81750f18f7f4e02ad051373b669d17d44f2/aiohappyeyeballs-2.6.1-py3-none-any.whl", hash = "sha256:f349ba8f4b75cb25c99c5c2d84e997e485204d2902a9597802b0371f09331fb8", size = 15265, upload-time = "2025-03-12T01:42:47.083Z" },
]

[[package]]
name = "aiohttp"
version = "3.13.3"
source = { registry = "https://pypi.org/simple" }
dependencies = [
    { name = "aiohappyeyeballs" },
    { name = "aiosignal" },
    { name = "attrs" },
    { name = "frozenlist" },
    { name = "multidict" },
    { name = "propcache" },
    { name = "yarl" },
]
sdist = { url = "https://files.pythonhosted.org/packages/50/42/32cf8e7704ceb4481406eb87161349abb46a57fee3f008ba9cb610968646/aiohttp-3.13.3.tar.gz", hash = "sha256:a949eee43d3782f2daae4f4a2819b2cb9b0c5d3b7f7a927067cc84dafdbb9f88", size = 7844556, upload-time = "2026-01-03T17:33:05.204Z" }
wheels = [
    { url = "https://files.pythonhosted.org/packages/99/36/5b6514a9f5d66f4e2597e40dea2e3db271e023eb7a5d22defe96ba560996/aiohttp-3.13.3-cp314-cp314-macosx_10_13_universal2.whl", hash = "sha256:ea37047c6b367fd4bd632bff8077449b8fa034b69e812a18e0132a00fae6e808", size = 737238, upload-time = "2026-01-03T17:31:17.909Z" },
    { url = "https://files.pythonhosted.org/packages/f7/49/459327f0d5bcd8c6c9ca69e60fdeebc3622861e696490d8674a6d0cb90a6/aiohttp-3.13.3-cp314-cp314-macosx_10_13_x86_64.whl", hash = "sha256:6fc0e2337d1a4c3e6acafda6a78a39d4c14caea625124817420abceed36e2415", size = 492292, upload-time = "2026-01-03T17:31:19.919Z" },
    { url = "https://files.pythonhosted.org/packages/e8/0b/b97660c5fd05d3495b4eb27f2d0ef18dc1dc4eff7511a9bf371397ff0264/aiohttp-3.13.3-cp314-cp314-macosx_11_0_arm64.whl", hash = "sha256:c685f2d80bb67ca8c3837823ad76196b3694b0159d232206d1e461d3d434666f", size = 493021, upload-time = "2026-01-03T17:31:21.636Z" },
    { url = "https://files.pythonhosted.org/packages/54/d4/438efabdf74e30aeceb890c3290bbaa449780583b1270b00661126b8aae4/aiohttp-3.13.3-cp314-cp314-manylinux2014_aarch64.manylinux_2_17_aarch64.manylinux_2_28_aarch64.whl", hash = "sha256:48e377758516d262bde50c2584fc6c578af272559c409eecbdd2bae1601184d6", size = 1717263, upload-time = "2026-01-03T17:31:23.296Z" },
    { url = "https://files.pythonhosted.org/packages/71/f2/7bddc7fd612367d1459c5bcf598a9e8f7092d6580d98de0e057eb42697ad/aiohttp-3.13.3-cp314-cp314-manylinux2014_armv7l.manylinux_2_17_armv7l.manylinux_2_31_armv7l.whl", hash = "sha256:34749271508078b261c4abb1767d42b8d0c0cc9449c73a4df494777dc55f0687", size = 1669107, upload-time = "2026-01-03T17:31:25.334Z" },
    { url = "https://files.pythonhosted.org/packages/00/5a/1aeaecca40e22560f97610a329e0e5efef5e0b5afdf9f857f0d93839ab2e/aiohttp-3.13.3-cp314-cp314-manylinux2014_ppc64le.manylinux_2_17_ppc64le.manylinux_2_28_ppc64le.whl", hash = "sha256:82611aeec80eb144416956ec85b6ca45a64d76429c1ed46ae1b5f86c6e0c9a26", size = 1760196, upload-time = "2026-01-03T17:31:27.394Z" },
    { url = "https://files.pythonhosted.org/packages/f8/f8/0ff6992bea7bd560fc510ea1c815f87eedd745fe035589c71ce05612a19a/aiohttp-3.13.3-cp314-cp314-manylinux2014_s390x.manylinux_2_17_s390x.manylinux_2_28_s390x.whl", hash = "sha256:2fff83cfc93f18f215896e3a190e8e5cb413ce01553901aca925176e7568963a", size = 1843591, upload-time = "2026-01-03T17:31:29.238Z" },
    { url = "https://files.pythonhosted.org/packages/e3/d1/e30e537a15f53485b61f5be525f2157da719819e8377298502aebac45536/aiohttp-3.13.3-cp314-cp314-manylinux2014_x86_64.manylinux_2_17_x86_64.manylinux_2_28_x86_64.whl", hash = "sha256:bbe7d4cecacb439e2e2a8a1a7b935c25b812af7a5fd26503a66dadf428e79ec1", size = 1720277, upload-time = "2026-01-03T17:31:31.053Z" },
    { url = "https://files.pythonhosted.org/packages/84/45/23f4c451d8192f553d38d838831ebbc156907ea6e05557f39563101b7717/aiohttp-3.13.3-cp314-cp314-manylinux_2_31_riscv64.manylinux_2_39_riscv64.whl", hash = "sha256:b928f30fe49574253644b1ca44b1b8adbd903aa0da4b9054a6c20fc7f4092a25", size = 1548575, upload-time = "2026-01-03T17:31:32.87Z" },
    { url = "https://files.pythonhosted.org/packages/6a/ed/0a42b127a43712eda7807e7892c083eadfaf8429ca8fb619662a530a3aab/aiohttp-3.13.3-cp314-cp314-musllinux_1_2_aarch64.whl", hash = "sha256:7b5e8fe4de30df199155baaf64f2fcd604f4c678ed20910db8e2c66dc4b11603", size = 1679455, upload-time = "2026-01-03T17:31:34.76Z" },
    { url = "https://files.pythonhosted.org/packages/2e/b5/c05f0c2b4b4fe2c9d55e73b6d3ed4fd6c9dc2684b1d81cbdf77e7fad9adb/aiohttp-3.13.3-cp314-cp314-musllinux_1_2_armv7l.whl", hash = "sha256:8542f41a62bcc58fc7f11cf7c90e0ec324ce44950003feb70640fc2a9092c32a", size = 1687417, upload-time = "2026-01-03T17:31:36.699Z" },
    { url = "https://files.pythonhosted.org/packages/c9/6b/915bc5dad66aef602b9e459b5a973529304d4e89ca86999d9d75d80cbd0b/aiohttp-3.13.3-cp314-cp314-musllinux_1_2_ppc64le.whl", hash = "sha256:5e1d8c8b8f1d91cd08d8f4a3c2b067bfca6ec043d3ff36de0f3a715feeedf926", size = 1729968, upload-time = "2026-01-03T17:31:38.622Z" },
    { url = "https://files.pythonhosted.org/packages/11/3b/e84581290a9520024a08640b63d07673057aec5ca548177a82026187ba73/aiohttp-3.13.3-cp314-cp314-musllinux_1_2_riscv64.whl", hash = "sha256:90455115e5da1c3c51ab619ac57f877da8fd6d73c05aacd125c5ae9819582aba", size = 1545690, upload-time = "2026-01-03T17:31:40.57Z" },
    { url = "https://files.pythonhosted.org/packages/f5/04/0c3655a566c43fd647c81b895dfe361b9f9ad6d58c19309d45cff52d6c3b/aiohttp-3.13.3-cp314-cp314-musllinux_1_2_s390x.whl", hash = "sha256:042e9e0bcb5fba81886c8b4fbb9a09d6b8a00245fd8d88e4d989c1f96c74164c", size = 1746390, upload-time = "2026-01-03T17:31:42.857Z" },
    { url = "https://files.pythonhosted.org/packages/1f/53/71165b26978f719c3419381514c9690bd5980e764a09440a10bb816ea4ab/aiohttp-3.13.3-cp314-cp314-musllinux_1_2_x86_64.whl", hash = "sha256:2eb752b102b12a76ca02dff751a801f028b4ffbbc478840b473597fc91a9ed43", size = 1702188, upload-time = "2026-01-03T17:31:44.984Z" },
    { url = "https://files.pythonhosted.org/packages/29/a7/cbe6c9e8e136314fa1980da388a59d2f35f35395948a08b6747baebb6aa6/aiohttp-3.13.3-cp314-cp314-win32.whl", hash = "sha256:b556c85915d8efaed322bf1bdae9486aa0f3f764195a0fb6ee962e5c71ef5ce1", size = 433126, upload-time = "2026-01-03T17:31:47.463Z" },
    { url = "https://files.pythonhosted.org/packages/de/56/982704adea7d3b16614fc5936014e9af85c0e34b58f9046655817f04306e/aiohttp-3.13.3-cp314-cp314-win_amd64.whl", hash = "sha256:9bf9f7a65e7aa20dd764151fb3d616c81088f91f8df39c3893a536e279b4b984", size = 459128, upload-time = "2026-01-03T17:31:49.2Z" },
    { url = "https://files.pythonhosted.org/packages/6c/2a/3c79b638a9c3d4658d345339d22070241ea341ed4e07b5ac60fb0f418003/aiohttp-3.13.3-cp314-cp314t-macosx_10_13_universal2.whl", hash = "sha256:05861afbbec40650d8a07ea324367cb93e9e8cc7762e04dd4405df99fa65159c", size = 769512, upload-time = "2026-01-03T17:31:51.134Z" },
    { url = "https://files.pythonhosted.org/packages/29/b9/3e5014d46c0ab0db8707e0ac2711ed28c4da0218c358a4e7c17bae0d8722/aiohttp-3.13.3-cp314-cp314t-macosx_10_13_x86_64.whl", hash = "sha256:2fc82186fadc4a8316768d61f3722c230e2c1dcab4200d52d2ebdf2482e47592", size = 506444, upload-time = "2026-01-03T17:31:52.85Z" },
    { url = "https://files.pythonhosted.org/packages/90/03/c1d4ef9a054e151cd7839cdc497f2638f00b93cbe8043983986630d7a80c/aiohttp-3.13.3-cp314-cp314t-macosx_11_0_arm64.whl", hash = "sha256:0add0900ff220d1d5c5ebbf99ed88b0c1bbf87aa7e4262300ed1376a6b13414f", size = 510798, upload-time = "2026-01-03T17:31:54.91Z" },
    { url = "https://files.pythonhosted.org/packages/ea/76/8c1e5abbfe8e127c893fe7ead569148a4d5a799f7cf958d8c09f3eedf097/aiohttp-3.13.3-cp314-cp314t-manylinux2014_aarch64.manylinux_2_17_aarch64.manylinux_2_28_aarch64.whl", hash = "sha256:568f416a4072fbfae453dcf9a99194bbb8bdeab718e08ee13dfa2ba0e4bebf29", size = 1868835, upload-time = "2026-01-03T17:31:56.733Z" },
    { url = "https://files.pythonhosted.org/packages/8e/ac/984c5a6f74c363b01ff97adc96a3976d9c98940b8969a1881575b279ac5d/aiohttp-3.13.3-cp314-cp314t-manylinux2014_armv7l.manylinux_2_17_armv7l.manylinux_2_31_armv7l.whl", hash = "sha256:add1da70de90a2569c5e15249ff76a631ccacfe198375eead4aadf3b8dc849dc", size = 1720486, upload-time = "2026-01-03T17:31:58.65Z" },
    { url = "https://files.pythonhosted.org/packages/b2/9a/b7039c5f099c4eb632138728828b33428585031a1e658d693d41d07d89d1/aiohttp-3.13.3-cp314-cp314t-manylinux2014_ppc64le.manylinux_2_17_ppc64le.manylinux_2_28_ppc64le.whl", hash = "sha256:10b47b7ba335d2e9b1239fa571131a87e2d8ec96b333e68b2a305e7a98b0bae2", size = 1847951, upload-time = "2026-01-03T17:32:00.989Z" },
    { url = "https://files.pythonhosted.org/packages/3c/02/3bec2b9a1ba3c19ff89a43a19324202b8eb187ca1e928d8bdac9bbdddebd/aiohttp-3.13.3-cp314-cp314t-manylinux2014_s390x.manylinux_2_17_s390x.manylinux_2_28_s390x.whl", hash = "sha256:3dd4dce1c718e38081c8f35f323209d4c1df7d4db4bab1b5c88a6b4d12b74587", size = 1941001, upload-time = "2026-01-03T17:32:03.122Z" },
    { url = "https://files.pythonhosted.org/packages/37/df/d879401cedeef27ac4717f6426c8c36c3091c6e9f08a9178cc87549c537f/aiohttp-3.13.3-cp314-cp314t-manylinux2014_x86_64.manylinux_2_17_x86_64.manylinux_2_28_x86_64.whl", hash = "sha256:34bac00a67a812570d4a460447e1e9e06fae622946955f939051e7cc895cfab8", size = 1797246, upload-time = "2026-01-03T17:32:05.255Z" },
    { url = "https://files.pythonhosted.org/packages/8d/15/be122de1f67e6953add23335c8ece6d314ab67c8bebb3f181063010795a7/aiohttp-3.13.3-cp314-cp314t-manylinux_2_31_riscv64.manylinux_2_39_riscv64.whl", hash = "sha256:a19884d2ee70b06d9204b2727a7b9f983d0c684c650254679e716b0b77920632", size = 1627131, upload-time = "2026-01-03T17:32:07.607Z" },
    { url = "https://files.pythonhosted.org/packages/12/12/70eedcac9134cfa3219ab7af31ea56bc877395b1ac30d65b1bc4b27d0438/aiohttp-3.13.3-cp314-cp314t-musllinux_1_2_aarch64.whl", hash = "sha256:5f8ca7f2bb6ba8348a3614c7918cc4bb73268c5ac2a207576b7afea19d3d9f64", size = 1795196, upload-time = "2026-01-03T17:32:09.59Z" },
    { url = "https://files.pythonhosted.org/packages/32/11/b30e1b1cd1f3054af86ebe60df96989c6a414dd87e27ad16950eee420bea/aiohttp-3.13.3-cp314-cp314t-musllinux_1_2_armv7l.whl", hash = "sha256:b0d95340658b9d2f11d9697f59b3814a9d3bb4b7a7c20b131df4bcef464037c0", size = 1782841, upload-time = "2026-01-03T17:32:11.445Z" },
    { url = "https://files.pythonhosted.org/packages/88/0d/d98a9367b38912384a17e287850f5695c528cff0f14f791ce8ee2e4f7796/aiohttp-3.13.3-cp314-cp314t-musllinux_1_2_ppc64le.whl", hash = "sha256:a1e53262fd202e4b40b70c3aff944a8155059beedc8a89bba9dc1f9ef06a1b56", size = 1795193, upload-time = "2026-01-03T17:32:13.705Z" },
    { url = "https://files.pythonhosted.org/packages/43/a5/a2dfd1f5ff5581632c7f6a30e1744deda03808974f94f6534241ef60c751/aiohttp-3.13.3-cp314-cp314t-musllinux_1_2_riscv64.whl", hash = "sha256:d60ac9663f44168038586cab2157e122e46bdef09e9368b37f2d82d354c23f72", size = 1621979, upload-time = "2026-01-03T17:32:15.965Z" },
    { url = "https://files.pythonhosted.org/packages/fa/f0/12973c382ae7c1cccbc4417e129c5bf54c374dfb85af70893646e1f0e749/aiohttp-3.13.3-cp314-cp314t-musllinux_1_2_s390x.whl", hash = "sha256:90751b8eed69435bac9ff4e3d2f6b3af1f57e37ecb0fbeee59c0174c9e2d41df", size = 1822193, upload-time = "2026-01-03T17:32:18.219Z" },
    { url = "https://files.pythonhosted.org/packages/3c/5f/24155e30ba7f8c96918af1350eb0663e2430aad9e001c0489d89cd708ab1/aiohttp-3.13.3-cp314-cp314t-musllinux_1_2_x86_64.whl", hash = "sha256:fc353029f176fd2b3ec6cfc71be166aba1936fe5d73dd1992ce289ca6647a9aa", size = 1769801, upload-time = "2026-01-03T17:32:20.25Z" },
    { url = "https://files.pythonhosted.org/packages/eb/f8/7314031ff5c10e6ece114da79b338ec17eeff3a079e53151f7e9f43c4723/aiohttp-3.13.3-cp314-cp314t-win32.whl", hash = "sha256:2e41b18a58da1e474a057b3d35248d8320029f61d70a37629535b16a0c8f3767", size = 466523, upload-time = "2026-01-03T17:32:22.215Z" },
    { url = "https://files.pythonhosted.org/packages/b4/63/278a98c715ae467624eafe375542d8ba9b4383a016df8fdefe0ae28382a7/aiohttp-3.13.3-cp314-cp314t-win_amd64.whl", hash = "sha256:44531a36aa2264a1860089ffd4dce7baf875ee5a6079d5fb42e261c704ef7344", size = 499694, upload-time = "2026-01-03T17:32:24.546Z" },
]

[[package]]
name = "aiosignal"
version = "1.4.0"
source = { registry = "https://pypi.org/simple" }
dependencies = [
    { name = "frozenlist" },
]
sdist = { url = "https://files.pythonhosted.org/packages/61/62/06741b579156360248d1ec624842ad0edf697050bbaf7c3e46394e106ad1/aiosignal-1.4.0.tar.gz", hash = "sha256:f47eecd9468083c2029cc99945502cb7708b082c232f9aca65da147157b251c7", size = 25007, upload-time = "2025-07-03T22:54:43.528Z" }
wheels = [
    { url = "https://files.pythonhosted.org/packages/fb/76/641ae371508676492379f16e2fa48f4e2c11741bd63c48be4b12a6b09cba/aiosignal-1.4.0-py3-none-any.whl", hash = "sha256:053243f8b92b990551949e63930a839ff0cf0b0ebbe0597b0f3fb19e1a0fe82e", size = 7490, upload-time = "2025-07-03T22:54:42.156Z" },
]

[[package]]
name = "attrs"
version = "25.3.0"
source = { registry = "https://pypi.org/simple" }
sdist = { url = "https://files.pythonhosted.org/packages/5a/b0/1367933a8532ee6ff8d63537de4f1177af4bff9f3e829baf7331f595bb24/attrs-25.3.0.tar.gz", hash = "sha256:75d7cefc7fb576747b2c81b4442d4d4a1ce0900973527c011d1030fd3bf4af1b", size = 812032, upload-time = "2025-03-13T11:10:22.779Z" }
wheels = [
    { url = "https://files.pythonhosted.org/packages/77/06/bb80f5f86020c4551da315d78b3ab75e8228f89f0162f2c3a819e407941a/attrs-25.3.0-py3-none-any.whl", hash = "sha256:427318ce031701fea540783410126f03899a97ffc6f61596ad581ac2e40e3bc3", size = 63815, upload-time = "2025-03-13T11:10:21.14Z" },
]

[[package]]
name = "beautifulsoup4"
version = "4.14.3"
source = { registry = "https://pypi.org/simple" }
dependencies = [
    { name = "soupsieve" },
    { name = "typing-extensions" },
]
sdist = { url = "https://files.pythonhosted.org/packages/c3/b0/1c6a16426d389813b48d95e26898aff79abbde42ad353958ad95cc8c9b21/beautifulsoup4-4.14.3.tar.gz", hash = "sha256:6292b1c5186d356bba669ef9f7f051757099565ad9ada5dd630bd9de5fa7fb86", size = 627737, upload-time = "2025-11-30T15:08:26.084Z" }
wheels = [
    { url = "https://files.pythonhosted.org/packages/1a/39/47f9197bdd44df24d67ac8893641e16f386c984a0619ef2ee4c51fbbc019/beautifulsoup4-4.14.3-py3-none-any.whl", hash = "sha256:0918bfe44902e6ad8d57732ba310582e98da931428d231a5ecb9e7c703a735bb", size = 107721, upload-time = "2025-11-30T15:08:24.087Z" },
]

[[package]]
name = "browserforge"
version = "1.2.3"
source = { registry = "https://pypi.org/simple" }
dependencies = [
    { name = "click" },
]
sdist = { url = "https://files.pythonhosted.org/packages/df/5c/fe4d8cc5d5e61a5b1585190bba19d25bb76c45fdfe9c7bf264f5301fcf33/browserforge-1.2.3.tar.gz", hash = "sha256:d5bec6dffd4748b30fbac9f9c1ef33b26c01a23185240bf90011843e174b7ecc", size = 38072, upload-time = "2025-01-29T09:45:48.711Z" }
wheels = [
    { url = "https://files.pythonhosted.org/packages/8b/53/c60eb5bd26cf8689e361031bebc431437bc988555e80ba52d48c12c1d866/browserforge-1.2.3-py3-none-any.whl", hash = "sha256:a6c71ed4688b2f1b0bee757ca82ddad0007cbba68a71eca66ca607dde382f132", size = 39626, upload-time = "2025-01-29T09:45:47.531Z" },
]

[[package]]
name = "camoufox"
version = "0.4.12"
source = { git = "https://github.com/coryking/camoufox.git?subdirectory=pythonlib&rev=v142.0.1-fork.27#17015c647ac81d6ac1a34a82cfaf6736f5357658" }
dependencies = [
    { name = "browserforge" },
    { name = "click" },
    { name = "language-tags" },
    { name = "lxml" },
    { name = "numpy" },
    { name = "orjson" },
    { name = "platformdirs" },
    { name = "playwright" },
    { name = "pysocks" },
    { name = "pyyaml" },
    { name = "requests" },
    { name = "screeninfo" },
    { name = "tqdm" },
    { name = "typing-extensions" },
    { name = "ua-parser" },
]

[package.optional-dependencies]
geoip = [
    { name = "geoip2" },
]

[[package]]
name = "certifi"
version = "2025.4.26"
source = { registry = "https://pypi.org/simple" }
sdist = { url = "https://files.pythonhosted.org/packages/e8/9e/c05b3920a3b7d20d3d3310465f50348e5b3694f4f88c6daf736eef3024c4/certifi-2025.4.26.tar.gz", hash = "sha256:0a816057ea3cdefcef70270d2c515e4506bbc954f417fa5ade2021213bb8f0c6", size = 160705, upload-time = "2025-04-26T02:12:29.51Z" }
wheels = [
    { url = "https://files.pythonhosted.org/packages/4a/7e/3db2bd1b1f9e95f7cddca6d6e75e2f2bd9f51b1246e546d88addca0106bd/certifi-2025.4.26-py3-none-any.whl", hash = "sha256:30350364dfe371162649852c63336a15c70c6510c2ad5015b21c2345311805f3", size = 159618, upload-time = "2025-04-26T02:12:27.662Z" },
]

[[package]]
name = "charset-normalizer"
version = "3.4.2"
source = { registry = "https://pypi.org/simple" }
sdist = { url = "https://files.pythonhosted.org/packages/e4/33/89c2ced2b67d1c2a61c19c6751aa8902d46ce3dacb23600a283619f5a12d/charset_normalizer-3.4.2.tar.gz", hash = "sha256:5baececa9ecba31eff645232d59845c07aa030f0c81ee70184a90d35099a0e63", size = 126367, upload-time = "2025-05-02T08:34:42.01Z" }
wheels = [
    { url = "https://files.pythonhosted.org/packages/20/94/c5790835a017658cbfabd07f3bfb549140c3ac458cfc196323996b10095a/charset_normalizer-3.4.2-py3-none-any.whl", hash = "sha256:7f56930ab0abd1c45cd15be65cc741c28b1c9a34876ce8c17a2fa107810c0af0", size = 52626, upload-time = "2025-05-02T08:34:40.053Z" },
]

[[package]]
name = "click"
version = "8.2.1"
source = { registry = "https://pypi.org/simple" }
dependencies = [
    { name = "colorama", marker = "sys_platform == 'win32'" },
]
sdist = { url = "https://files.pythonhosted.org/packages/60/6c/8ca2efa64cf75a977a0d7fac081354553ebe483345c734fb6b6515d96bbc/click-8.2.1.tar.gz", hash = "sha256:27c491cc05d968d271d5a1db13e3b5a184636d9d930f148c50b038f0d0646202", size = 286342, upload-time = "2025-05-20T23:19:49.832Z" }
wheels = [
    { url = "https://files.pythonhosted.org/packages/85/32/10bb5764d90a8eee674e9dc6f4db6a0ab47c8c4d0d83c27f7c39ac415a4d/click-8.2.1-py3-none-any.whl", hash = "sha256:61a3265b914e850b85317d0b3109c7f8cd35a670f963866005d6ef1d5175a12b", size = 102215, upload-time = "2025-05-20T23:19:47.796Z" },
]

[[package]]
name = "colorama"
version = "0.4.6"
source = { registry = "https://pypi.org/simple" }
sdist = { url = "https://files.pythonhosted.org/packages/d8/53/6f443c9a4a8358a93a6792e2acffb9d9d5cb0a5cfd8802644b7b1c9a02e4/colorama-0.4.6.tar.gz", hash = "sha256:08695f5cb7ed6e0531a20572697297273c47b8cae5a63ffc6d6ed5c201be6e44", size = 27697, upload-time = "2022-10-25T02:36:22.414Z" }
wheels = [
    { url = "https://files.pythonhosted.org/packages/d1/d6/3965ed04c63042e047cb6a3e6ed1a63a35087b6a609aa3a15ed8ac56c221/colorama-0.4.6-py2.py3-none-any.whl", hash = "sha256:4f1d9991f5acc0ca119f9d443620b77f9d6b33703e51011c16baf57afb285fc6", size = 25335, upload-time = "2022-10-25T02:36:20.889Z" },
]

[[package]]
name = "cython"
version = "3.1.2"
source = { registry = "https://pypi.org/simple" }
sdist = { url = "https://files.pythonhosted.org/packages/18/40/7b17cd866158238db704965da1b5849af261dbad393ea3ac966f934b2d39/cython-3.1.2.tar.gz", hash = "sha256:6bbf7a953fa6762dfecdec015e3b054ba51c0121a45ad851fa130f63f5331381", size = 3184825, upload-time = "2025-06-09T07:08:48.465Z" }
wheels = [
    { url = "https://files.pythonhosted.org/packages/25/d6/ef8557d5e75cc57d55df579af4976935ee111a85bbee4a5b72354e257066/cython-3.1.2-py3-none-any.whl", hash = "sha256:d23fd7ffd7457205f08571a42b108a3cf993e83a59fe4d72b42e6fc592cf2639", size = 1224753, upload-time = "2025-06-09T07:08:44.849Z" },
]

[[package]]
name = "fake-useragent"
version = "2.2.0"
source = { registry = "https://pypi.org/simple" }
sdist = { url = "https://files.pythonhosted.org/packages/41/43/948d10bf42735709edb5ae51e23297d034086f17fc7279fef385a7acb473/fake_useragent-2.2.0.tar.gz", hash = "sha256:4e6ab6571e40cc086d788523cf9e018f618d07f9050f822ff409a4dfe17c16b2", size = 158898, upload-time = "2025-04-14T15:32:19.238Z" }
wheels = [
    { url = "https://files.pythonhosted.org/packages/51/37/b3ea9cd5558ff4cb51957caca2193981c6b0ff30bd0d2630ac62505d99d0/fake_useragent-2.2.0-py3-none-any.whl", hash = "sha256:67f35ca4d847b0d298187443aaf020413746e56acd985a611908c73dba2daa24", size = 161695, upload-time = "2025-04-14T15:32:17.732Z" },
]

[[package]]
name = "frozenlist"
version = "1.7.0"
source = { registry = "https://pypi.org/simple" }
sdist = { url = "https://files.pythonhosted.org/packages/79/b1/b64018016eeb087db503b038296fd782586432b9c077fc5c7839e9cb6ef6/frozenlist-1.7.0.tar.gz", hash = "sha256:2e310d81923c2437ea8670467121cc3e9b0f76d3043cc1d2331d56c7fb7a3a8f", size = 45078, upload-time = "2025-06-09T23:02:35.538Z" }
wheels = [
    { url = "https://files.pythonhosted.org/packages/ee/45/b82e3c16be2182bff01179db177fe144d58b5dc787a7d4492c6ed8b9317f/frozenlist-1.7.0-py3-none-any.whl", hash = "sha256:9a5af342e34f7e97caf8c995864c7a396418ae2859cc6fdf1b1073020d516a7e", size = 13106, upload-time = "2025-06-09T23:02:34.204Z" },
]

[[package]]
name = "g0vse"
version = "0.1.0"
source = { virtual = "." }
dependencies = [
    { name = "beautifulsoup4" },
    { name = "camoufox", extra = ["geoip"] },
    { name = "fake-useragent" },
    { name = "markdownify" },
]

[package.metadata]
requires-dist = [
    { name = "beautifulsoup4", specifier = ">=4.14.2" },
    { name = "camoufox", extras = ["geoip"], git = "https://github.com/coryking/camoufox.git?subdirectory=pythonlib&rev=v142.0.1-fork.27" },
    { name = "fake-useragent", specifier = ">=2.2.0" },
    { name = "markdownify", specifier = ">=1.2.2" },
]

[[package]]
name = "geoip2"
version = "5.1.0"
source = { registry = "https://pypi.org/simple" }
dependencies = [
    { name = "aiohttp" },
    { name = "maxminddb" },
    { name = "requests" },
]
sdist = { url = "https://files.pythonhosted.org/packages/0f/5f/902835f485d1c423aca9097a0e91925d6a706049f64e678ec781b168734d/geoip2-5.1.0.tar.gz", hash = "sha256:ee3f87f0ce9325eb6484fe18cbd9771a03d0a2bad1dd156fa3584fafa562d39a", size = 268166, upload-time = "2025-05-05T19:40:29.202Z" }
wheels = [
    { url = "https://files.pythonhosted.org/packages/eb/43/aa9a10d0c971d0a0e353111a97913357f9271fb9a9867ec1053f79ca61be/geoip2-5.1.0-py3-none-any.whl", hash = "sha256:445a058995ad5bb3e665ae716413298d4383b1fb38d372ad59b9b405f6b0ca19", size = 27691, upload-time = "2025-05-05T19:40:26.082Z" },
]

[[package]]
name = "greenlet"
version = "3.2.3"
source = { registry = "https://pypi.org/simple" }
sdist = { url = "https://files.pythonhosted.org/packages/c9/92/bb85bd6e80148a4d2e0c59f7c0c2891029f8fd510183afc7d8d2feeed9b6/greenlet-3.2.3.tar.gz", hash = "sha256:8b0dd8ae4c0d6f5e54ee55ba935eeb3d735a9b58a8a1e5b5cbab64e01a39f365", size = 185752, upload-time = "2025-06-05T16:16:09.955Z" }
wheels = [
    { url = "https://files.pythonhosted.org/packages/d8/ca/accd7aa5280eb92b70ed9e8f7fd79dc50a2c21d8c73b9a0856f5b564e222/greenlet-3.2.3-cp314-cp314-macosx_11_0_universal2.whl", hash = "sha256:3d04332dddb10b4a211b68111dabaee2e1a073663d117dc10247b5b1642bac86", size = 271479, upload-time = "2025-06-05T16:10:47.525Z" },
    { url = "https://files.pythonhosted.org/packages/55/71/01ed9895d9eb49223280ecc98a557585edfa56b3d0e965b9fa9f7f06b6d9/greenlet-3.2.3-cp314-cp314-manylinux2014_aarch64.manylinux_2_17_aarch64.whl", hash = "sha256:8186162dffde068a465deab08fc72c767196895c39db26ab1c17c0b77a6d8b97", size = 683952, upload-time = "2025-06-05T16:38:55.125Z" },
    { url = "https://files.pythonhosted.org/packages/ea/61/638c4bdf460c3c678a0a1ef4c200f347dff80719597e53b5edb2fb27ab54/greenlet-3.2.3-cp314-cp314-manylinux2014_ppc64le.manylinux_2_17_ppc64le.whl", hash = "sha256:f4bfbaa6096b1b7a200024784217defedf46a07c2eee1a498e94a1b5f8ec5728", size = 696917, upload-time = "2025-06-05T16:41:38.959Z" },
    { url = "https://files.pythonhosted.org/packages/22/cc/0bd1a7eb759d1f3e3cc2d1bc0f0b487ad3cc9f34d74da4b80f226fde4ec3/greenlet-3.2.3-cp314-cp314-manylinux2014_s390x.manylinux_2_17_s390x.whl", hash = "sha256:ed6cfa9200484d234d8394c70f5492f144b20d4533f69262d530a1a082f6ee9a", size = 692443, upload-time = "2025-06-05T16:48:23.113Z" },
    { url = "https://files.pythonhosted.org/packages/67/10/b2a4b63d3f08362662e89c103f7fe28894a51ae0bc890fabf37d1d780e52/greenlet-3.2.3-cp314-cp314-manylinux2014_x86_64.manylinux_2_17_x86_64.whl", hash = "sha256:02b0df6f63cd15012bed5401b47829cfd2e97052dc89da3cfaf2c779124eb892", size = 692995, upload-time = "2025-06-05T16:13:07.972Z" },
    { url = "https://files.pythonhosted.org/packages/5a/c6/ad82f148a4e3ce9564056453a71529732baf5448ad53fc323e37efe34f66/greenlet-3.2.3-cp314-cp314-manylinux_2_24_x86_64.manylinux_2_28_x86_64.whl", hash = "sha256:86c2d68e87107c1792e2e8d5399acec2487a4e993ab76c792408e59394d52141", size = 655320, upload-time = "2025-06-05T16:12:53.453Z" },
    { url = "https://files.pythonhosted.org/packages/5c/4f/aab73ecaa6b3086a4c89863d94cf26fa84cbff63f52ce9bc4342b3087a06/greenlet-3.2.3-cp314-cp314-win_amd64.whl", hash = "sha256:8c47aae8fbbfcf82cc13327ae802ba13c9c36753b67e760023fd116bc124a62a", size = 301236, upload-time = "2025-06-05T16:15:20.111Z" },
]

[[package]]
name = "idna"
version = "3.10"
source = { registry = "https://pypi.org/simple" }
sdist = { url = "https://files.pythonhosted.org/packages/f1/70/7703c29685631f5a7590aa73f1f1d3fa9a380e654b86af429e0934a32f7d/idna-3.10.tar.gz", hash = "sha256:12f65c9b470abda6dc35cf8e63cc574b1c52b11df2c86030af0ac09b01b13ea9", size = 190490, upload-time = "2024-09-15T18:07:39.745Z" }
wheels = [
    { url = "https://files.pythonhosted.org/packages/76/c6/c88e154df9c4e1a2a66ccf0005a88dfb2650c1dffb6f5ce603dfbd452ce3/idna-3.10-py3-none-any.whl", hash = "sha256:946d195a0d259cbba61165e88e65941f16e9b36ea6ddb97f00452bae8b1287d3", size = 70442, upload-time = "2024-09-15T18:07:37.964Z" },
]

[[package]]
name = "language-tags"
version = "1.2.0"
source = { registry = "https://pypi.org/simple" }
sdist = { url = "https://files.pythonhosted.org/packages/e0/7e/b6a0efe4fee11e9742c1baaedf7c574084238a70b03c1d8eb2761383848f/language_tags-1.2.0.tar.gz", hash = "sha256:e934acba3e3dc85f867703eca421847a9ab7b7679b11b5d5cfd096febbf8bde6", size = 207901, upload-time = "2023-01-11T18:38:07.893Z" }
wheels = [
    { url = "https://files.pythonhosted.org/packages/b0/42/327554649ed2dd5ce59d3f5da176c7be20f9352c7c6c51597293660b7b08/language_tags-1.2.0-py3-none-any.whl", hash = "sha256:d815604622242fdfbbfd747b40c31213617fd03734a267f2e39ee4bd73c88722", size = 213449, upload-time = "2023-01-11T18:38:05.692Z" },
]

[[package]]
name = "lxml"
version = "5.4.0"
source = { registry = "https://pypi.org/simple" }
sdist = { url = "https://files.pythonhosted.org/packages/76/3d/14e82fc7c8fb1b7761f7e748fd47e2ec8276d137b6acfe5a4bb73853e08f/lxml-5.4.0.tar.gz", hash = "sha256:d12832e1dbea4be280b22fd0ea7c9b87f0d8fc51ba06e92dc62d52f804f78ebd", size = 3679479, upload-time = "2025-04-23T01:50:29.322Z" }

[[package]]
name = "markdownify"
version = "1.2.2"
source = { registry = "https://pypi.org/simple" }
dependencies = [
    { name = "beautifulsoup4" },
    { name = "six" },
]
sdist = { url = "https://files.pythonhosted.org/packages/3f/bc/c8c8eea5335341306b0fa7e1cb33c5e1c8d24ef70ddd684da65f41c49c92/markdownify-1.2.2.tar.gz", hash = "sha256:b274f1b5943180b031b699b199cbaeb1e2ac938b75851849a31fd0c3d6603d09", size = 18816, upload-time = "2025-11-16T19:21:18.565Z" }
wheels = [
    { url = "https://files.pythonhosted.org/packages/43/ce/f1e3e9d959db134cedf06825fae8d5b294bd368aacdd0831a3975b7c4d55/markdownify-1.2.2-py3-none-any.whl", hash = "sha256:3f02d3cc52714084d6e589f70397b6fc9f2f3a8531481bf35e8cc39f975e186a", size = 15724, upload-time = "2025-11-16T19:21:17.622Z" },
]

[[package]]
name = "maxminddb"
version = "2.7.0"
source = { registry = "https://pypi.org/simple" }
sdist = { url = "https://files.pythonhosted.org/packages/d1/10/7a7cf5219b74b19ea1834b43256e114564e8a845f447446ac821e1b9951e/maxminddb-2.7.0.tar.gz", hash = "sha256:23a715ed3b3aed07adae4beeed06c51fd582137b5ae13d3c6e5ca4890f70ebbf", size = 196583, upload-time = "2025-05-05T19:31:43.957Z" }

[[package]]
name = "multidict"
version = "6.4.4"
source = { registry = "https://pypi.org/simple" }
sdist = { url = "https://files.pythonhosted.org/packages/91/2f/a3470242707058fe856fe59241eee5635d79087100b7042a867368863a27/multidict-6.4.4.tar.gz", hash = "sha256:69ee9e6ba214b5245031b76233dd95408a0fd57fdb019ddcc1ead4790932a8e8", size = 90183, upload-time = "2025-05-19T14:16:37.381Z" }
wheels = [
    { url = "https://files.pythonhosted.org/packages/84/5d/e17845bb0fa76334477d5de38654d27946d5b5d3695443987a094a71b440/multidict-6.4.4-py3-none-any.whl", hash = "sha256:bd4557071b561a8b3b6075c3ce93cf9bfb6182cb241805c3d66ced3b75eff4ac", size = 10481, upload-time = "2025-05-19T14:16:36.024Z" },
]

[[package]]
name = "numpy"
version = "2.3.0"
source = { registry = "https://pypi.org/simple" }
sdist = { url = "https://files.pythonhosted.org/packages/f3/db/8e12381333aea300890829a0a36bfa738cac95475d88982d538725143fd9/numpy-2.3.0.tar.gz", hash = "sha256:581f87f9e9e9db2cba2141400e160e9dd644ee248788d6f90636eeb8fd9260a6", size = 20382813, upload-time = "2025-06-07T14:54:32.608Z" }

[[package]]
name = "orjson"
version = "3.10.18"
source = { registry = "https://pypi.org/simple" }
sdist = { url = "https://files.pythonhosted.org/packages/81/0b/fea456a3ffe74e70ba30e01ec183a9b26bec4d497f61dcfce1b601059c60/orjson-3.10.18.tar.gz", hash = "sha256:e8da3947d92123eda795b68228cafe2724815621fe35e8e320a9e9593a4bcd53", size = 5422810, upload-time = "2025-04-29T23:30:08.423Z" }

[[package]]
name = "platformdirs"
version = "4.3.8"
source = { registry = "https://pypi.org/simple" }
sdist = { url = "https://files.pythonhosted.org/packages/fe/8b/3c73abc9c759ecd3f1f7ceff6685840859e8070c4d947c93fae71f6a0bf2/platformdirs-4.3.8.tar.gz", hash = "sha256:3d512d96e16bcb959a814c9f348431070822a6496326a4be0911c40b5a74c2bc", size = 21362, upload-time = "2025-05-07T22:47:42.121Z" }
wheels = [
    { url = "https://files.pythonhosted.org/packages/fe/39/979e8e21520d4e47a0bbe349e2713c0aac6f3d853d0e5b34d76206c439aa/platformdirs-4.3.8-py3-none-any.whl", hash = "sha256:ff7059bb7eb1179e2685604f4aaf157cfd9535242bd23742eadc3c13542139b4", size = 18567, upload-time = "2025-05-07T22:47:40.376Z" },
]

[[package]]
name = "playwright"
version = "1.56.1.dev4+gd3f5438"
source = { git = "https://github.com/microsoft/playwright-python.git?rev=main#d3f5438d53dc10657ec8c5859049069b3b3b281a" }
dependencies = [
    { name = "greenlet" },
    { name = "pyee" },
]

[[package]]
name = "propcache"
version = "0.3.2"
source = { registry = "https://pypi.org/simple" }
sdist = { url = "https://files.pythonhosted.org/packages/a6/16/43264e4a779dd8588c21a70f0709665ee8f611211bdd2c87d952cfa7c776/propcache-0.3.2.tar.gz", hash = "sha256:20d7d62e4e7ef05f221e0db2856b979540686342e7dd9973b815599c7057e168", size = 44139, upload-time = "2025-06-09T22:56:06.081Z" }
wheels = [
    { url = "https://files.pythonhosted.org/packages/cc/35/cc0aaecf278bb4575b8555f2b137de5ab821595ddae9da9d3cd1da4072c7/propcache-0.3.2-py3-none-any.whl", hash = "sha256:98f1ec44fb675f5052cccc8e609c46ed23a35a1cfd18545ad4e29002d858a43f", size = 12663, upload-time = "2025-06-09T22:56:04.484Z" },
]

[[package]]
name = "pyee"
version = "13.0.0"
source = { registry = "https://pypi.org/simple" }
dependencies = [
    { name = "typing-extensions" },
]
sdist = { url = "https://files.pythonhosted.org/packages/95/03/1fd98d5841cd7964a27d729ccf2199602fe05eb7a405c1462eb7277945ed/pyee-13.0.0.tar.gz", hash = "sha256:b391e3c5a434d1f5118a25615001dbc8f669cf410ab67d04c4d4e07c55481c37", size = 31250, upload-time = "2025-03-17T18:53:15.955Z" }
wheels = [
    { url = "https://files.pythonhosted.org/packages/9b/4d/b9add7c84060d4c1906abe9a7e5359f2a60f7a9a4f67268b2766673427d8/pyee-13.0.0-py3-none-any.whl", hash = "sha256:48195a3cddb3b1515ce0695ed76036b5ccc2ef3a9f963ff9f77aec0139845498", size = 15730, upload-time = "2025-03-17T18:53:14.532Z" },
]

[[package]]
name = "pyobjc-core"
version = "11.0"
source = { registry = "https://pypi.org/simple" }
sdist = { url = "https://files.pythonhosted.org/packages/5c/94/a111239b98260869780a5767e5d74bfd3a8c13a40457f479c28dcd91f89d/pyobjc_core-11.0.tar.gz", hash = "sha256:63bced211cb8a8fb5c8ff46473603da30e51112861bd02c438fbbbc8578d9a70", size = 994931, upload-time = "2025-01-14T19:02:13.938Z" }

[[package]]
name = "pyobjc-framework-cocoa"
version = "11.0"
source = { registry = "https://pypi.org/simple" }
dependencies = [
    { name = "pyobjc-core" },
]
sdist = { url = "https://files.pythonhosted.org/packages/c5/32/53809096ad5fc3e7a2c5ddea642590a5f2cb5b81d0ad6ea67fdb2263d9f9/pyobjc_framework_cocoa-11.0.tar.gz", hash = "sha256:00346a8cb81ad7b017b32ff7bf596000f9faa905807b1bd234644ebd47f692c5", size = 6173848, upload-time = "2025-01-14T19:03:00.125Z" }

[[package]]
name = "pysocks"
version = "1.7.1"
source = { registry = "https://pypi.org/simple" }
sdist = { url = "https://files.pythonhosted.org/packages/bd/11/293dd436aea955d45fc4e8a35b6ae7270f5b8e00b53cf6c024c83b657a11/PySocks-1.7.1.tar.gz", hash = "sha256:3f8804571ebe159c380ac6de37643bb4685970655d3bba243530d6558b799aa0", size = 284429, upload-time = "2019-09-20T02:07:35.714Z" }
wheels = [
    { url = "https://files.pythonhosted.org/packages/8d/59/b4572118e098ac8e46e399a1dd0f2d85403ce8bbaad9ec79373ed6badaf9/PySocks-1.7.1-py3-none-any.whl", hash = "sha256:2725bd0a9925919b9b51739eea5f9e2bae91e83288108a9ad338b2e3a4435ee5", size = 16725, upload-time = "2019-09-20T02:06:22.938Z" },
]

[[package]]
name = "pyyaml"
version = "6.0.2"
source = { registry = "https://pypi.org/simple" }
sdist = { url = "https://files.pythonhosted.org/packages/54/ed/79a089b6be93607fa5cdaedf301d7dfb23af5f25c398d5ead2525b063e17/pyyaml-6.0.2.tar.gz", hash = "sha256:d584d9ec91ad65861cc08d42e834324ef890a082e591037abe114850ff7bbc3e", size = 130631, upload-time = "2024-08-06T20:33:50.674Z" }

[[package]]
name = "requests"
version = "2.32.4"
source = { registry = "https://pypi.org/simple" }
dependencies = [
    { name = "certifi" },
    { name = "charset-normalizer" },
    { name = "idna" },
    { name = "urllib3" },
]
sdist = { url = "https://files.pythonhosted.org/packages/e1/0a/929373653770d8a0d7ea76c37de6e41f11eb07559b103b1c02cafb3f7cf8/requests-2.32.4.tar.gz", hash = "sha256:27d0316682c8a29834d3264820024b62a36942083d52caf2f14c0591336d3422", size = 135258, upload-time = "2025-06-09T16:43:07.34Z" }
wheels = [
    { url = "https://files.pythonhosted.org/packages/7c/e4/56027c4a6b4ae70ca9de302488c5ca95ad4a39e190093d6c1a8ace08341b/requests-2.32.4-py3-none-any.whl", hash = "sha256:27babd3cda2a6d50b30443204ee89830707d396671944c998b5975b031ac2b2c", size = 64847, upload-time = "2025-06-09T16:43:05.728Z" },
]

[[package]]
name = "screeninfo"
version = "0.8.1"
source = { registry = "https://pypi.org/simple" }
dependencies = [
    { name = "cython", marker = "sys_platform == 'darwin'" },
    { name = "pyobjc-framework-cocoa", marker = "sys_platform == 'darwin'" },
]
sdist = { url = "https://files.pythonhosted.org/packages/ec/bb/e69e5e628d43f118e0af4fc063c20058faa8635c95a1296764acc8167e27/screeninfo-0.8.1.tar.gz", hash = "sha256:9983076bcc7e34402a1a9e4d7dabf3729411fd2abb3f3b4be7eba73519cd2ed1", size = 10666, upload-time = "2022-09-09T11:35:23.419Z" }
wheels = [
    { url = "https://files.pythonhosted.org/packages/6e/bf/c5205d480307bef660e56544b9e3d7ff687da776abb30c9cb3f330887570/screeninfo-0.8.1-py3-none-any.whl", hash = "sha256:e97d6b173856edcfa3bd282f81deb528188aff14b11ec3e195584e7641be733c", size = 12907, upload-time = "2022-09-09T11:35:21.351Z" },
]

[[package]]
name = "six"
version = "1.17.0"
source = { registry = "https://pypi.org/simple" }
sdist = { url = "https://files.pythonhosted.org/packages/94/e7/b2c673351809dca68a0e064b6af791aa332cf192da575fd474ed7d6f16a2/six-1.17.0.tar.gz", hash = "sha256:ff70335d468e7eb6ec65b95b99d3a2836546063f63acc5171de367e834932a81", size = 34031, upload-time = "2024-12-04T17:35:28.174Z" }
wheels = [
    { url = "https://files.pythonhosted.org/packages/b7/ce/149a00dd41f10bc29e5921b496af8b574d8413afcd5e30dfa0ed46c2cc5e/six-1.17.0-py2.py3-none-any.whl", hash = "sha256:4721f391ed90541fddacab5acf947aa0d3dc7d27b2e1e8eda2be8970586c3274", size = 11050, upload-time = "2024-12-04T17:35:26.475Z" },
]

[[package]]
name = "soupsieve"
version = "2.7"
source = { registry = "https://pypi.org/simple" }
sdist = { url = "https://files.pythonhosted.org/packages/3f/f4/4a80cd6ef364b2e8b65b15816a843c0980f7a5a2b4dc701fc574952aa19f/soupsieve-2.7.tar.gz", hash = "sha256:ad282f9b6926286d2ead4750552c8a6142bc4c783fd66b0293547c8fe6ae126a", size = 103418, upload-time = "2025-04-20T18:50:08.518Z" }
wheels = [
    { url = "https://files.pythonhosted.org/packages/e7/9c/0e6afc12c269578be5c0c1c9f4b49a8d32770a080260c333ac04cc1c832d/soupsieve-2.7-py3-none-any.whl", hash = "sha256:6e60cc5c1ffaf1cebcc12e8188320b72071e922c2e897f737cadce79ad5d30c4", size = 36677, upload-time = "2025-04-20T18:50:07.196Z" },
]

[[package]]
name = "tqdm"
version = "4.67.1"
source = { registry = "https://pypi.org/simple" }
dependencies = [
    { name = "colorama", marker = "sys_platform == 'win32'" },
]
sdist = { url = "https://files.pythonhosted.org/packages/a8/4b/29b4ef32e036bb34e4ab51796dd745cdba7ed47ad142a9f4a1eb8e0c744d/tqdm-4.67.1.tar.gz", hash = "sha256:f8aef9c52c08c13a65f30ea34f4e5aac3fd1a34959879d7e59e63027286627f2", size = 169737, upload-time = "2024-11-24T20:12:22.481Z" }
wheels = [
    { url = "https://files.pythonhosted.org/packages/d0/30/dc54f88dd4a2b5dc8a0279bdd7270e735851848b762aeb1c1184ed1f6b14/tqdm-4.67.1-py3-none-any.whl", hash = "sha256:26445eca388f82e72884e0d580d5464cd801a3ea01e63e5601bdff9ba6a48de2", size = 78540, upload-time = "2024-11-24T20:12:19.698Z" },
]

[[package]]
name = "typing-extensions"
version = "4.14.0"
source = { registry = "https://pypi.org/simple" }
sdist = { url = "https://files.pythonhosted.org/packages/d1/bc/51647cd02527e87d05cb083ccc402f93e441606ff1f01739a62c8ad09ba5/typing_extensions-4.14.0.tar.gz", hash = "sha256:8676b788e32f02ab42d9e7c61324048ae4c6d844a399eebace3d4979d75ceef4", size = 107423, upload-time = "2025-06-02T14:52:11.399Z" }
wheels = [
    { url = "https://files.pythonhosted.org/packages/69/e0/552843e0d356fbb5256d21449fa957fa4eff3bbc135a74a691ee70c7c5da/typing_extensions-4.14.0-py3-none-any.whl", hash = "sha256:a1514509136dd0b477638fc68d6a91497af5076466ad0fa6c338e44e359944af", size = 43839, upload-time = "2025-06-02T14:52:10.026Z" },
]

[[package]]
name = "ua-parser"
version = "1.0.1"
source = { registry = "https://pypi.org/simple" }
dependencies = [
    { name = "ua-parser-builtins" },
]
sdist = { url = "https://files.pythonhosted.org/packages/70/0e/ed98be735bc89d5040e0c60f5620d0b8c04e9e7da99ed1459e8050e90a77/ua_parser-1.0.1.tar.gz", hash = "sha256:f9d92bf19d4329019cef91707aecc23c6d65143ad7e29a233f0580fb0d15547d", size = 728106, upload-time = "2025-02-01T14:13:32.508Z" }
wheels = [
    { url = "https://files.pythonhosted.org/packages/94/37/be6dfbfa45719aa82c008fb4772cfe5c46db765a2ca4b6f524a1fdfee4d7/ua_parser-1.0.1-py3-none-any.whl", hash = "sha256:b059f2cb0935addea7e551251cbbf42e9a8872f86134163bc1a4f79e0945ffea", size = 31410, upload-time = "2025-02-01T14:13:28.458Z" },
]

[[package]]
name = "ua-parser-builtins"
version = "0.18.0.post1"
source = { registry = "https://pypi.org/simple" }
wheels = [
    { url = "https://files.pythonhosted.org/packages/6f/d3/13adff37f15489c784cc7669c35a6c3bf94b87540229eedf52ef2a1d0175/ua_parser_builtins-0.18.0.post1-py3-none-any.whl", hash = "sha256:eb4f93504040c3a990a6b0742a2afd540d87d7f9f05fd66e94c101db1564674d", size = 86077, upload-time = "2024-12-05T18:44:36.732Z" },
]

[[package]]
name = "urllib3"
version = "2.4.0"
source = { registry = "https://pypi.org/simple" }
sdist = { url = "https://files.pythonhosted.org/packages/8a/78/16493d9c386d8e60e442a35feac5e00f0913c0f4b7c217c11e8ec2ff53e0/urllib3-2.4.0.tar.gz", hash = "sha256:414bc6535b787febd7567804cc015fee39daab8ad86268f1310a9250697de466", size = 390672, upload-time = "2025-04-10T15:23:39.232Z" }
wheels = [
    { url = "https://files.pythonhosted.org/packages/6b/11/cc635220681e93a0183390e26485430ca2c7b5f9d33b15c74c2861cb8091/urllib3-2.4.0-py3-none-any.whl", hash = "sha256:4e16665048960a0900c702d4a66415956a584919c03361cac9f1df5c5dd7e813", size = 128680, upload-time = "2025-04-10T15:23:37.377Z" },
]

[[package]]
name = "yarl"
version = "1.20.1"
source = { registry = "https://pypi.org/simple" }
dependencies = [
    { name = "idna" },
    { name = "multidict" },
    { name = "propcache" },
]
sdist = { url = "https://files.pythonhosted.org/packages/3c/fb/efaa23fa4e45537b827620f04cf8f3cd658b76642205162e072703a5b963/yarl-1.20.1.tar.gz", hash = "sha256:d017a4997ee50c91fd5466cef416231bb82177b93b029906cefc542ce14c35ac", size = 186428, upload-time = "2025-06-10T00:46:09.923Z" }
wheels = [
    { url = "https://files.pythonhosted.org/packages/b4/2d/2345fce04cfd4bee161bf1e7d9cdc702e3e16109021035dbb24db654a622/yarl-1.20.1-py3-none-any.whl", hash = "sha256:83b8eb083fe4683c6115795d9fc1cfaf2cbbefb19b3a1cb68f6527460f483a77", size = 46542, upload-time = "2025-06-10T00:46:07.521Z" },
]
